Microsoft Visual Studio Solution File, Format Version 12.00
# Visual Studio Version 17
VisualStudioVersion = 17.5.2.0
MinimumVisualStudioVersion = 10.0.40219.1
Project("{FAE04EC0-301F-11D3-BF4B-00C04F79EFBC}") = "InvestmentAdvisor", "InvestmentAdvisor.csproj", "{0E41AE87-D6D0-2751-0A59-68065DC50E4F}"
EndProject
Global
	GlobalSection(SolutionConfigurationPlatforms) = preSolution
		Debug|Any CPU = Debug|Any CPU
		Release|Any CPU = Release|Any CPU
	EndGlobalSection
	GlobalSection(ProjectConfigurationPlatforms) = postSolution
		{0E41AE87-D6D0-2751-0A59-68065DC50E4F}.Debug|Any CPU.ActiveCfg = Debug|Any CPU
		{0E41AE87-D6D0-2751-0A59-68065DC50E4F}.Debug|Any CPU.Build.0 = Debug|Any CPU
		{0E41AE87-D6D0-2751-0A59-68065DC50E4F}.Release|Any CPU.ActiveCfg = Release|Any CPU
		{0E41AE87-D6D0-2751-0A59-68065DC50E4F}.Release|Any CPU.Build.0 = Release|Any CPU
	EndGlobalSection
	GlobalSection(SolutionProperties) = preSolution
		HideSolutionNode = FALSE
	EndGlobalSection
	GlobalSection(ExtensibilityGlobals) = postSolution
		SolutionGuid = {E6023A4F-3D78-449D-8B01-E58246B88D75}
	EndGlobalSection
EndGlobal
